
Microsoft Visual Studio Solution File, Format Version 12.00
# Visual Studio 15
VisualStudioVersion = 15.0.27004.2009
MinimumVisualStudioVersion = 10.0.40219.1
Project("{FAE04EC0-301F-11D3-BF4B-00C04F79EFBC}") = "AgentSmith.201602", "src\AgentSmith\AgentSmith.201602.csproj", "{EE3C6828-BAD1-41BE-9D07-A776EC63D600}"
EndProject
Project("{FAE04EC0-301F-11D3-BF4B-00C04F79EFBC}") = "AgentSmith.Test.201602", "src\AgentSmith.Test\AgentSmith.Test.201602.csproj", "{4CB16EA9-9392-46C5-A82C-0FE5E72746B0}"
EndProject
Project("{2150E333-8FDC-42A3-9474-1A3956D46DE8}") = ".nuget", ".nuget", "{A1A578AC-DFA5-481E-9CFD-28EB9B5712A4}"
	ProjectSection(SolutionItems) = preProject
		.nuget\NuGet.Config = .nuget\NuGet.Config
		.nuget\NuGet.exe = .nuget\NuGet.exe
	EndProjectSection
EndProject
Project("{FAE04EC0-301F-11D3-BF4B-00C04F79EFBC}") = "AgentSmith.201601", "src\AgentSmith\AgentSmith.201601.csproj", "{CA89055E-C72D-4652-8BD5-2C0ABDB9DDD2}"
EndProject
Project("{2150E333-8FDC-42A3-9474-1A3956D46DE8}") = "201601", "201601", "{5EE237FD-67E6-4501-A75E-86F593441003}"
EndProject
Project("{FAE04EC0-301F-11D3-BF4B-00C04F79EFBC}") = "AgentSmith.Test.201601", "src\AgentSmith.Test\AgentSmith.Test.201601.csproj", "{94298CFF-D5AD-40F4-A8C0-D0268A0F8375}"
EndProject
Project("{2150E333-8FDC-42A3-9474-1A3956D46DE8}") = "201602", "201602", "{8059C766-2CAC-4479-8E95-A09D6DC9DD5C}"
EndProject
Project("{2150E333-8FDC-42A3-9474-1A3956D46DE8}") = "201603", "201603", "{463FE56E-6744-42DA-9376-B67A1724398D}"
EndProject
Project("{FAE04EC0-301F-11D3-BF4B-00C04F79EFBC}") = "AgentSmith.201603", "src\AgentSmith\AgentSmith.201603.csproj", "{FA34BE17-30FD-4334-AE60-4C51DA593833}"
EndProject
Project("{FAE04EC0-301F-11D3-BF4B-00C04F79EFBC}") = "AgentSmith.Test.201603", "src\AgentSmith.Test\AgentSmith.Test.201603.csproj", "{E3FD5828-9AFE-4009-BDE2-491AD5119DBF}"
EndProject
Project("{2150E333-8FDC-42A3-9474-1A3956D46DE8}") = "201701", "201701", "{772F32D2-A2A1-4280-BC35-D2E6EAA8D9CA}"
EndProject
Project("{FAE04EC0-301F-11D3-BF4B-00C04F79EFBC}") = "AgentSmith.201701", "src\AgentSmith\AgentSmith.201701.csproj", "{40269803-01EC-4007-853A-C9F93368E787}"
EndProject
Project("{FAE04EC0-301F-11D3-BF4B-00C04F79EFBC}") = "AgentSmith.Test.201701", "src\AgentSmith.Test\AgentSmith.Test.201701.csproj", "{E3C1E9F8-4191-4755-BEBE-EE3992CAD9FD}"
EndProject
Project("{2150E333-8FDC-42A3-9474-1A3956D46DE8}") = "201702", "201702", "{E6F6EE8A-7BDC-48FF-9F6A-47B7F0BAFCC0}"
EndProject
Project("{FAE04EC0-301F-11D3-BF4B-00C04F79EFBC}") = "AgentSmith.201702", "src\AgentSmith\AgentSmith.201702.csproj", "{F6BC6270-3094-45D8-9779-1D9A88ABEFDA}"
EndProject
Project("{FAE04EC0-301F-11D3-BF4B-00C04F79EFBC}") = "AgentSmith.Test.201702", "src\AgentSmith.Test\AgentSmith.Test.201702.csproj", "{BFD4FC1B-2B17-42B8-BF0E-E9B1F1B9BCE1}"
EndProject
Project("{2150E333-8FDC-42A3-9474-1A3956D46DE8}") = "201703", "201703", "{213797C7-5C2C-42DB-AB61-61B7AC386B5C}"
EndProject
Project("{FAE04EC0-301F-11D3-BF4B-00C04F79EFBC}") = "AgentSmith.201703", "src\AgentSmith\AgentSmith.201703.csproj", "{A6EEFC39-3E9B-4BFF-BB04-278C6AB5EE00}"
EndProject
Project("{FAE04EC0-301F-11D3-BF4B-00C04F79EFBC}") = "AgentSmith.Test.201703", "src\AgentSmith.Test\AgentSmith.Test.201703.csproj", "{1C38E4C7-ED24-4C14-93B2-E3687FE980F0}"
EndProject
Global
	GlobalSection(SolutionConfigurationPlatforms) = preSolution
		Debug|Any CPU = Debug|Any CPU
		Debug|x86 = Debug|x86
		Release|Any CPU = Release|Any CPU
		Release|x86 = Release|x86
	EndGlobalSection
	GlobalSection(ProjectConfigurationPlatforms) = postSolution
		{EE3C6828-BAD1-41BE-9D07-A776EC63D600}.Debug|Any CPU.ActiveCfg = Debug|Any CPU
		{EE3C6828-BAD1-41BE-9D07-A776EC63D600}.Debug|Any CPU.Build.0 = Debug|Any CPU
		{EE3C6828-BAD1-41BE-9D07-A776EC63D600}.Debug|x86.ActiveCfg = Debug|x86
		{EE3C6828-BAD1-41BE-9D07-A776EC63D600}.Debug|x86.Build.0 = Debug|x86
		{EE3C6828-BAD1-41BE-9D07-A776EC63D600}.Release|Any CPU.ActiveCfg = Release|Any CPU
		{EE3C6828-BAD1-41BE-9D07-A776EC63D600}.Release|Any CPU.Build.0 = Release|Any CPU
		{EE3C6828-BAD1-41BE-9D07-A776EC63D600}.Release|x86.ActiveCfg = Release|x86
		{EE3C6828-BAD1-41BE-9D07-A776EC63D600}.Release|x86.Build.0 = Release|x86
		{4CB16EA9-9392-46C5-A82C-0FE5E72746B0}.Debug|Any CPU.ActiveCfg = Debug|Any CPU
		{4CB16EA9-9392-46C5-A82C-0FE5E72746B0}.Debug|Any CPU.Build.0 = Debug|Any CPU
		{4CB16EA9-9392-46C5-A82C-0FE5E72746B0}.Debug|x86.ActiveCfg = Debug|x86
		{4CB16EA9-9392-46C5-A82C-0FE5E72746B0}.Debug|x86.Build.0 = Debug|x86
		{4CB16EA9-9392-46C5-A82C-0FE5E72746B0}.Release|Any CPU.ActiveCfg = Release|Any CPU
		{4CB16EA9-9392-46C5-A82C-0FE5E72746B0}.Release|Any CPU.Build.0 = Release|Any CPU
		{4CB16EA9-9392-46C5-A82C-0FE5E72746B0}.Release|x86.ActiveCfg = Release|x86
		{4CB16EA9-9392-46C5-A82C-0FE5E72746B0}.Release|x86.Build.0 = Release|x86
		{CA89055E-C72D-4652-8BD5-2C0ABDB9DDD2}.Debug|Any CPU.ActiveCfg = Debug|Any CPU
		{CA89055E-C72D-4652-8BD5-2C0ABDB9DDD2}.Debug|Any CPU.Build.0 = Debug|Any CPU
		{CA89055E-C72D-4652-8BD5-2C0ABDB9DDD2}.Debug|x86.ActiveCfg = Debug|Any CPU
		{CA89055E-C72D-4652-8BD5-2C0ABDB9DDD2}.Debug|x86.Build.0 = Debug|Any CPU
		{CA89055E-C72D-4652-8BD5-2C0ABDB9DDD2}.Release|Any CPU.ActiveCfg = Release|Any CPU
		{CA89055E-C72D-4652-8BD5-2C0ABDB9DDD2}.Release|Any CPU.Build.0 = Release|Any CPU
		{CA89055E-C72D-4652-8BD5-2C0ABDB9DDD2}.Release|x86.ActiveCfg = Release|Any CPU
		{CA89055E-C72D-4652-8BD5-2C0ABDB9DDD2}.Release|x86.Build.0 = Release|Any CPU
		{94298CFF-D5AD-40F4-A8C0-D0268A0F8375}.Debug|Any CPU.ActiveCfg = Debug|Any CPU
		{94298CFF-D5AD-40F4-A8C0-D0268A0F8375}.Debug|Any CPU.Build.0 = Debug|Any CPU
		{94298CFF-D5AD-40F4-A8C0-D0268A0F8375}.Debug|x86.ActiveCfg = Debug|Any CPU
		{94298CFF-D5AD-40F4-A8C0-D0268A0F8375}.Debug|x86.Build.0 = Debug|Any CPU
		{94298CFF-D5AD-40F4-A8C0-D0268A0F8375}.Release|Any CPU.ActiveCfg = Release|Any CPU
		{94298CFF-D5AD-40F4-A8C0-D0268A0F8375}.Release|Any CPU.Build.0 = Release|Any CPU
		{94298CFF-D5AD-40F4-A8C0-D0268A0F8375}.Release|x86.ActiveCfg = Release|Any CPU
		{94298CFF-D5AD-40F4-A8C0-D0268A0F8375}.Release|x86.Build.0 = Release|Any CPU
		{FA34BE17-30FD-4334-AE60-4C51DA593833}.Debug|Any CPU.ActiveCfg = Debug|Any CPU
		{FA34BE17-30FD-4334-AE60-4C51DA593833}.Debug|Any CPU.Build.0 = Debug|Any CPU
		{FA34BE17-30FD-4334-AE60-4C51DA593833}.Debug|x86.ActiveCfg = Debug|x86
		{FA34BE17-30FD-4334-AE60-4C51DA593833}.Debug|x86.Build.0 = Debug|x86
		{FA34BE17-30FD-4334-AE60-4C51DA593833}.Release|Any CPU.ActiveCfg = Release|Any CPU
		{FA34BE17-30FD-4334-AE60-4C51DA593833}.Release|Any CPU.Build.0 = Release|Any CPU
		{FA34BE17-30FD-4334-AE60-4C51DA593833}.Release|x86.ActiveCfg = Release|x86
		{FA34BE17-30FD-4334-AE60-4C51DA593833}.Release|x86.Build.0 = Release|x86
		{E3FD5828-9AFE-4009-BDE2-491AD5119DBF}.Debug|Any CPU.ActiveCfg = Debug|Any CPU
		{E3FD5828-9AFE-4009-BDE2-491AD5119DBF}.Debug|Any CPU.Build.0 = Debug|Any CPU
		{E3FD5828-9AFE-4009-BDE2-491AD5119DBF}.Debug|x86.ActiveCfg = Debug|x86
		{E3FD5828-9AFE-4009-BDE2-491AD5119DBF}.Debug|x86.Build.0 = Debug|x86
		{E3FD5828-9AFE-4009-BDE2-491AD5119DBF}.Release|Any CPU.ActiveCfg = Release|Any CPU
		{E3FD5828-9AFE-4009-BDE2-491AD5119DBF}.Release|Any CPU.Build.0 = Release|Any CPU
		{E3FD5828-9AFE-4009-BDE2-491AD5119DBF}.Release|x86.ActiveCfg = Release|x86
		{E3FD5828-9AFE-4009-BDE2-491AD5119DBF}.Release|x86.Build.0 = Release|x86
		{40269803-01EC-4007-853A-C9F93368E787}.Debug|Any CPU.ActiveCfg = Debug|Any CPU
		{40269803-01EC-4007-853A-C9F93368E787}.Debug|Any CPU.Build.0 = Debug|Any CPU
		{40269803-01EC-4007-853A-C9F93368E787}.Debug|x86.ActiveCfg = Debug|x86
		{40269803-01EC-4007-853A-C9F93368E787}.Debug|x86.Build.0 = Debug|x86
		{40269803-01EC-4007-853A-C9F93368E787}.Release|Any CPU.ActiveCfg = Release|Any CPU
		{40269803-01EC-4007-853A-C9F93368E787}.Release|Any CPU.Build.0 = Release|Any CPU
		{40269803-01EC-4007-853A-C9F93368E787}.Release|x86.ActiveCfg = Release|x86
		{40269803-01EC-4007-853A-C9F93368E787}.Release|x86.Build.0 = Release|x86
		{E3C1E9F8-4191-4755-BEBE-EE3992CAD9FD}.Debug|Any CPU.ActiveCfg = Debug|Any CPU
		{E3C1E9F8-4191-4755-BEBE-EE3992CAD9FD}.Debug|Any CPU.Build.0 = Debug|Any CPU
		{E3C1E9F8-4191-4755-BEBE-EE3992CAD9FD}.Debug|x86.ActiveCfg = Debug|x86
		{E3C1E9F8-4191-4755-BEBE-EE3992CAD9FD}.Debug|x86.Build.0 = Debug|x86
		{E3C1E9F8-4191-4755-BEBE-EE3992CAD9FD}.Release|Any CPU.ActiveCfg = Release|Any CPU
		{E3C1E9F8-4191-4755-BEBE-EE3992CAD9FD}.Release|Any CPU.Build.0 = Release|Any CPU
		{E3C1E9F8-4191-4755-BEBE-EE3992CAD9FD}.Release|x86.ActiveCfg = Release|x86
		{E3C1E9F8-4191-4755-BEBE-EE3992CAD9FD}.Release|x86.Build.0 = Release|x86
		{F6BC6270-3094-45D8-9779-1D9A88ABEFDA}.Debug|Any CPU.ActiveCfg = Debug|Any CPU
		{F6BC6270-3094-45D8-9779-1D9A88ABEFDA}.Debug|Any CPU.Build.0 = Debug|Any CPU
		{F6BC6270-3094-45D8-9779-1D9A88ABEFDA}.Debug|x86.ActiveCfg = Debug|x86
		{F6BC6270-3094-45D8-9779-1D9A88ABEFDA}.Debug|x86.Build.0 = Debug|x86
		{F6BC6270-3094-45D8-9779-1D9A88ABEFDA}.Release|Any CPU.ActiveCfg = Release|Any CPU
		{F6BC6270-3094-45D8-9779-1D9A88ABEFDA}.Release|Any CPU.Build.0 = Release|Any CPU
		{F6BC6270-3094-45D8-9779-1D9A88ABEFDA}.Release|x86.ActiveCfg = Release|x86
		{F6BC6270-3094-45D8-9779-1D9A88ABEFDA}.Release|x86.Build.0 = Release|x86
		{BFD4FC1B-2B17-42B8-BF0E-E9B1F1B9BCE1}.Debug|Any CPU.ActiveCfg = Debug|Any CPU
		{BFD4FC1B-2B17-42B8-BF0E-E9B1F1B9BCE1}.Debug|Any CPU.Build.0 = Debug|Any CPU
		{BFD4FC1B-2B17-42B8-BF0E-E9B1F1B9BCE1}.Debug|x86.ActiveCfg = Debug|x86
		{BFD4FC1B-2B17-42B8-BF0E-E9B1F1B9BCE1}.Debug|x86.Build.0 = Debug|x86
		{BFD4FC1B-2B17-42B8-BF0E-E9B1F1B9BCE1}.Release|Any CPU.ActiveCfg = Release|Any CPU
		{BFD4FC1B-2B17-42B8-BF0E-E9B1F1B9BCE1}.Release|Any CPU.Build.0 = Release|Any CPU
		{BFD4FC1B-2B17-42B8-BF0E-E9B1F1B9BCE1}.Release|x86.ActiveCfg = Release|x86
		{BFD4FC1B-2B17-42B8-BF0E-E9B1F1B9BCE1}.Release|x86.Build.0 = Release|x86
		{A6EEFC39-3E9B-4BFF-BB04-278C6AB5EE00}.Debug|Any CPU.ActiveCfg = Debug|Any CPU
		{A6EEFC39-3E9B-4BFF-BB04-278C6AB5EE00}.Debug|Any CPU.Build.0 = Debug|Any CPU
		{A6EEFC39-3E9B-4BFF-BB04-278C6AB5EE00}.Debug|x86.ActiveCfg = Debug|x86
		{A6EEFC39-3E9B-4BFF-BB04-278C6AB5EE00}.Debug|x86.Build.0 = Debug|x86
		{A6EEFC39-3E9B-4BFF-BB04-278C6AB5EE00}.Release|Any CPU.ActiveCfg = Release|Any CPU
		{A6EEFC39-3E9B-4BFF-BB04-278C6AB5EE00}.Release|Any CPU.Build.0 = Release|Any CPU
		{A6EEFC39-3E9B-4BFF-BB04-278C6AB5EE00}.Release|x86.ActiveCfg = Release|x86
		{A6EEFC39-3E9B-4BFF-BB04-278C6AB5EE00}.Release|x86.Build.0 = Release|x86
		{1C38E4C7-ED24-4C14-93B2-E3687FE980F0}.Debug|Any CPU.ActiveCfg = Debug|Any CPU
		{1C38E4C7-ED24-4C14-93B2-E3687FE980F0}.Debug|Any CPU.Build.0 = Debug|Any CPU
		{1C38E4C7-ED24-4C14-93B2-E3687FE980F0}.Debug|x86.ActiveCfg = Debug|x86
		{1C38E4C7-ED24-4C14-93B2-E3687FE980F0}.Debug|x86.Build.0 = Debug|x86
		{1C38E4C7-ED24-4C14-93B2-E3687FE980F0}.Release|Any CPU.ActiveCfg = Release|Any CPU
		{1C38E4C7-ED24-4C14-93B2-E3687FE980F0}.Release|Any CPU.Build.0 = Release|Any CPU
		{1C38E4C7-ED24-4C14-93B2-E3687FE980F0}.Release|x86.ActiveCfg = Release|x86
		{1C38E4C7-ED24-4C14-93B2-E3687FE980F0}.Release|x86.Build.0 = Release|x86
	EndGlobalSection
	GlobalSection(SolutionProperties) = preSolution
		HideSolutionNode = FALSE
	EndGlobalSection
	GlobalSection(NestedProjects) = preSolution
		{EE3C6828-BAD1-41BE-9D07-A776EC63D600} = {8059C766-2CAC-4479-8E95-A09D6DC9DD5C}
		{4CB16EA9-9392-46C5-A82C-0FE5E72746B0} = {8059C766-2CAC-4479-8E95-A09D6DC9DD5C}
		{CA89055E-C72D-4652-8BD5-2C0ABDB9DDD2} = {5EE237FD-67E6-4501-A75E-86F593441003}
		{94298CFF-D5AD-40F4-A8C0-D0268A0F8375} = {5EE237FD-67E6-4501-A75E-86F593441003}
		{FA34BE17-30FD-4334-AE60-4C51DA593833} = {463FE56E-6744-42DA-9376-B67A1724398D}
		{E3FD5828-9AFE-4009-BDE2-491AD5119DBF} = {463FE56E-6744-42DA-9376-B67A1724398D}
		{40269803-01EC-4007-853A-C9F93368E787} = {772F32D2-A2A1-4280-BC35-D2E6EAA8D9CA}
		{E3C1E9F8-4191-4755-BEBE-EE3992CAD9FD} = {772F32D2-A2A1-4280-BC35-D2E6EAA8D9CA}
		{F6BC6270-3094-45D8-9779-1D9A88ABEFDA} = {E6F6EE8A-7BDC-48FF-9F6A-47B7F0BAFCC0}
		{BFD4FC1B-2B17-42B8-BF0E-E9B1F1B9BCE1} = {E6F6EE8A-7BDC-48FF-9F6A-47B7F0BAFCC0}
		{A6EEFC39-3E9B-4BFF-BB04-278C6AB5EE00} = {213797C7-5C2C-42DB-AB61-61B7AC386B5C}
		{1C38E4C7-ED24-4C14-93B2-E3687FE980F0} = {213797C7-5C2C-42DB-AB61-61B7AC386B5C}
	EndGlobalSection
	GlobalSection(ExtensibilityGlobals) = postSolution
		SolutionGuid = {C23383F5-674D-40F8-9164-132943CBD759}
	EndGlobalSection
EndGlobal
