
Microsoft Visual Studio Solution File, Format Version 12.00
# Visual Studio Version 16
VisualStudioVersion = 16.0.28803.352
MinimumVisualStudioVersion = 10.0.40219.1
Project("{FAE04EC0-301F-11D3-BF4B-00C04F79EFBC}") = "AgentSmith.201602", "src\AgentSmith\AgentSmith.201602.csproj", "{EE3C6828-BAD1-41BE-9D07-A776EC63D600}"
EndProject
Project("{FAE04EC0-301F-11D3-BF4B-00C04F79EFBC}") = "AgentSmith.Test.201602", "src\AgentSmith.Test\AgentSmith.Test.201602.csproj", "{4CB16EA9-9392-46C5-A82C-0FE5E72746B0}"
EndProject
Project("{2150E333-8FDC-42A3-9474-1A3956D46DE8}") = ".nuget", ".nuget", "{A1A578AC-DFA5-481E-9CFD-28EB9B5712A4}"
	ProjectSection(SolutionItems) = preProject
		.nuget\NuGet.Config = .nuget\NuGet.Config
		.nuget\NuGet.exe = .nuget\NuGet.exe
	EndProjectSection
EndProject
Project("{FAE04EC0-301F-11D3-BF4B-00C04F79EFBC}") = "AgentSmith.201601", "src\AgentSmith\AgentSmith.201601.csproj", "{CA89055E-C72D-4652-8BD5-2C0ABDB9DDD2}"
EndProject
Project("{2150E333-8FDC-42A3-9474-1A3956D46DE8}") = "201601", "201601", "{5EE237FD-67E6-4501-A75E-86F593441003}"
EndProject
Project("{FAE04EC0-301F-11D3-BF4B-00C04F79EFBC}") = "AgentSmith.Test.201601", "src\AgentSmith.Test\AgentSmith.Test.201601.csproj", "{94298CFF-D5AD-40F4-A8C0-D0268A0F8375}"
EndProject
Project("{2150E333-8FDC-42A3-9474-1A3956D46DE8}") = "201602", "201602", "{8059C766-2CAC-4479-8E95-A09D6DC9DD5C}"
EndProject
Project("{2150E333-8FDC-42A3-9474-1A3956D46DE8}") = "201603", "201603", "{463FE56E-6744-42DA-9376-B67A1724398D}"
EndProject
Project("{FAE04EC0-301F-11D3-BF4B-00C04F79EFBC}") = "AgentSmith.201603", "src\AgentSmith\AgentSmith.201603.csproj", "{FA34BE17-30FD-4334-AE60-4C51DA593833}"
EndProject
Project("{FAE04EC0-301F-11D3-BF4B-00C04F79EFBC}") = "AgentSmith.Test.201603", "src\AgentSmith.Test\AgentSmith.Test.201603.csproj", "{E3FD5828-9AFE-4009-BDE2-491AD5119DBF}"
EndProject
Project("{2150E333-8FDC-42A3-9474-1A3956D46DE8}") = "201701", "201701", "{772F32D2-A2A1-4280-BC35-D2E6EAA8D9CA}"
EndProject
Project("{FAE04EC0-301F-11D3-BF4B-00C04F79EFBC}") = "AgentSmith.201701", "src\AgentSmith\AgentSmith.201701.csproj", "{40269803-01EC-4007-853A-C9F93368E787}"
EndProject
Project("{FAE04EC0-301F-11D3-BF4B-00C04F79EFBC}") = "AgentSmith.Test.201701", "src\AgentSmith.Test\AgentSmith.Test.201701.csproj", "{E3C1E9F8-4191-4755-BEBE-EE3992CAD9FD}"
EndProject
Project("{2150E333-8FDC-42A3-9474-1A3956D46DE8}") = "201702", "201702", "{E6F6EE8A-7BDC-48FF-9F6A-47B7F0BAFCC0}"
EndProject
Project("{FAE04EC0-301F-11D3-BF4B-00C04F79EFBC}") = "AgentSmith.201702", "src\AgentSmith\AgentSmith.201702.csproj", "{F6BC6270-3094-45D8-9779-1D9A88ABEFDA}"
EndProject
Project("{FAE04EC0-301F-11D3-BF4B-00C04F79EFBC}") = "AgentSmith.Test.201702", "src\AgentSmith.Test\AgentSmith.Test.201702.csproj", "{BFD4FC1B-2B17-42B8-BF0E-E9B1F1B9BCE1}"
EndProject
Project("{2150E333-8FDC-42A3-9474-1A3956D46DE8}") = "201703", "201703", "{213797C7-5C2C-42DB-AB61-61B7AC386B5C}"
EndProject
Project("{FAE04EC0-301F-11D3-BF4B-00C04F79EFBC}") = "AgentSmith.201703", "src\AgentSmith\AgentSmith.201703.csproj", "{A6EEFC39-3E9B-4BFF-BB04-278C6AB5EE00}"
EndProject
Project("{FAE04EC0-301F-11D3-BF4B-00C04F79EFBC}") = "AgentSmith.Test.201703", "src\AgentSmith.Test\AgentSmith.Test.201703.csproj", "{1C38E4C7-ED24-4C14-93B2-E3687FE980F0}"
EndProject
Project("{2150E333-8FDC-42A3-9474-1A3956D46DE8}") = "201801", "201801", "{62B679BF-D450-42DE-A79B-1F61C0C06674}"
EndProject
Project("{FAE04EC0-301F-11D3-BF4B-00C04F79EFBC}") = "AgentSmith.201801", "src\AgentSmith\AgentSmith.201801.csproj", "{5E29AC60-A028-4672-8F57-16DD30E69402}"
EndProject
Project("{FAE04EC0-301F-11D3-BF4B-00C04F79EFBC}") = "AgentSmith.Test.201801", "src\AgentSmith.Test\AgentSmith.Test.201801.csproj", "{53C5A3F7-7064-42D4-BF64-8E81B08C65A3}"
EndProject
Project("{2150E333-8FDC-42A3-9474-1A3956D46DE8}") = "201802", "201802", "{84B97A93-2BDE-4BE8-A882-D19A022C16C2}"
EndProject
Project("{FAE04EC0-301F-11D3-BF4B-00C04F79EFBC}") = "AgentSmith.201802", "src\AgentSmith\AgentSmith.201802.csproj", "{8DF9146A-1C07-43BC-BDEC-5245BBA140C7}"
EndProject
Project("{FAE04EC0-301F-11D3-BF4B-00C04F79EFBC}") = "AgentSmith.Test.201802", "src\AgentSmith.Test\AgentSmith.Test.201802.csproj", "{AD51C1F9-2865-44D6-9FE8-9CE3CCBD4702}"
EndProject
Project("{2150E333-8FDC-42A3-9474-1A3956D46DE8}") = "201803", "201803", "{3D6DD0B2-6736-4214-B05C-7097047814F9}"
EndProject
Project("{FAE04EC0-301F-11D3-BF4B-00C04F79EFBC}") = "AgentSmith.201803", "src\AgentSmith\AgentSmith.201803.csproj", "{DEE3CAE4-4D6A-45CC-A5A3-9AD86DDB5F53}"
EndProject
Project("{FAE04EC0-301F-11D3-BF4B-00C04F79EFBC}") = "AgentSmith.Test.201803", "src\AgentSmith.Test\AgentSmith.Test.201803.csproj", "{70877DC6-5F59-45DB-A760-2A45DA5C12A7}"
EndProject
Project("{2150E333-8FDC-42A3-9474-1A3956D46DE8}") = "201901", "201901", "{D3625CF0-C980-4808-91A4-FD5B1AAA5156}"
EndProject
Project("{FAE04EC0-301F-11D3-BF4B-00C04F79EFBC}") = "AgentSmith.201901", "src\AgentSmith\AgentSmith.201901.csproj", "{B364C178-FD0E-4FFF-8BA2-492251DEF487}"
EndProject
Project("{FAE04EC0-301F-11D3-BF4B-00C04F79EFBC}") = "AgentSmith.Test.201901", "src\AgentSmith.Test\AgentSmith.Test.201901.csproj", "{0E64E1BC-3DBE-431E-BFD8-221F206EC3CD}"
EndProject
Project("{2150E333-8FDC-42A3-9474-1A3956D46DE8}") = "201902", "201902", "{387C02E5-6612-4239-A08E-129AEE1EB6F3}"
EndProject
Project("{FAE04EC0-301F-11D3-BF4B-00C04F79EFBC}") = "AgentSmith.201902", "src\AgentSmith\AgentSmith.201902.csproj", "{08B181AE-4F72-4131-81C4-A245F62CB782}"
EndProject
Project("{FAE04EC0-301F-11D3-BF4B-00C04F79EFBC}") = "AgentSmith.Test.201902", "src\AgentSmith.Test\AgentSmith.Test.201902.csproj", "{1083C01B-4576-4753-A95A-713ACFC5D9A2}"
EndProject
Global
	GlobalSection(SolutionConfigurationPlatforms) = preSolution
		Debug|Any CPU = Debug|Any CPU
		Debug|x86 = Debug|x86
		Release|Any CPU = Release|Any CPU
		Release|x86 = Release|x86
	EndGlobalSection
	GlobalSection(ProjectConfigurationPlatforms) = postSolution
		{EE3C6828-BAD1-41BE-9D07-A776EC63D600}.Debug|Any CPU.ActiveCfg = Debug|Any CPU
		{EE3C6828-BAD1-41BE-9D07-A776EC63D600}.Debug|Any CPU.Build.0 = Debug|Any CPU
		{EE3C6828-BAD1-41BE-9D07-A776EC63D600}.Debug|x86.ActiveCfg = Debug|x86
		{EE3C6828-BAD1-41BE-9D07-A776EC63D600}.Debug|x86.Build.0 = Debug|x86
		{EE3C6828-BAD1-41BE-9D07-A776EC63D600}.Release|Any CPU.ActiveCfg = Release|Any CPU
		{EE3C6828-BAD1-41BE-9D07-A776EC63D600}.Release|Any CPU.Build.0 = Release|Any CPU
		{EE3C6828-BAD1-41BE-9D07-A776EC63D600}.Release|x86.ActiveCfg = Release|x86
		{EE3C6828-BAD1-41BE-9D07-A776EC63D600}.Release|x86.Build.0 = Release|x86
		{4CB16EA9-9392-46C5-A82C-0FE5E72746B0}.Debug|Any CPU.ActiveCfg = Debug|Any CPU
		{4CB16EA9-9392-46C5-A82C-0FE5E72746B0}.Debug|Any CPU.Build.0 = Debug|Any CPU
		{4CB16EA9-9392-46C5-A82C-0FE5E72746B0}.Debug|x86.ActiveCfg = Debug|x86
		{4CB16EA9-9392-46C5-A82C-0FE5E72746B0}.Debug|x86.Build.0 = Debug|x86
		{4CB16EA9-9392-46C5-A82C-0FE5E72746B0}.Release|Any CPU.ActiveCfg = Release|Any CPU
		{4CB16EA9-9392-46C5-A82C-0FE5E72746B0}.Release|Any CPU.Build.0 = Release|Any CPU
		{4CB16EA9-9392-46C5-A82C-0FE5E72746B0}.Release|x86.ActiveCfg = Release|x86
		{4CB16EA9-9392-46C5-A82C-0FE5E72746B0}.Release|x86.Build.0 = Release|x86
		{CA89055E-C72D-4652-8BD5-2C0ABDB9DDD2}.Debug|Any CPU.ActiveCfg = Debug|Any CPU
		{CA89055E-C72D-4652-8BD5-2C0ABDB9DDD2}.Debug|Any CPU.Build.0 = Debug|Any CPU
		{CA89055E-C72D-4652-8BD5-2C0ABDB9DDD2}.Debug|x86.ActiveCfg = Debug|Any CPU
		{CA89055E-C72D-4652-8BD5-2C0ABDB9DDD2}.Debug|x86.Build.0 = Debug|Any CPU
		{CA89055E-C72D-4652-8BD5-2C0ABDB9DDD2}.Release|Any CPU.ActiveCfg = Release|Any CPU
		{CA89055E-C72D-4652-8BD5-2C0ABDB9DDD2}.Release|Any CPU.Build.0 = Release|Any CPU
		{CA89055E-C72D-4652-8BD5-2C0ABDB9DDD2}.Release|x86.ActiveCfg = Release|Any CPU
		{CA89055E-C72D-4652-8BD5-2C0ABDB9DDD2}.Release|x86.Build.0 = Release|Any CPU
		{94298CFF-D5AD-40F4-A8C0-D0268A0F8375}.Debug|Any CPU.ActiveCfg = Debug|Any CPU
		{94298CFF-D5AD-40F4-A8C0-D0268A0F8375}.Debug|Any CPU.Build.0 = Debug|Any CPU
		{94298CFF-D5AD-40F4-A8C0-D0268A0F8375}.Debug|x86.ActiveCfg = Debug|Any CPU
		{94298CFF-D5AD-40F4-A8C0-D0268A0F8375}.Debug|x86.Build.0 = Debug|Any CPU
		{94298CFF-D5AD-40F4-A8C0-D0268A0F8375}.Release|Any CPU.ActiveCfg = Release|Any CPU
		{94298CFF-D5AD-40F4-A8C0-D0268A0F8375}.Release|Any CPU.Build.0 = Release|Any CPU
		{94298CFF-D5AD-40F4-A8C0-D0268A0F8375}.Release|x86.ActiveCfg = Release|Any CPU
		{94298CFF-D5AD-40F4-A8C0-D0268A0F8375}.Release|x86.Build.0 = Release|Any CPU
		{FA34BE17-30FD-4334-AE60-4C51DA593833}.Debug|Any CPU.ActiveCfg = Debug|Any CPU
		{FA34BE17-30FD-4334-AE60-4C51DA593833}.Debug|Any CPU.Build.0 = Debug|Any CPU
		{FA34BE17-30FD-4334-AE60-4C51DA593833}.Debug|x86.ActiveCfg = Debug|x86
		{FA34BE17-30FD-4334-AE60-4C51DA593833}.Debug|x86.Build.0 = Debug|x86
		{FA34BE17-30FD-4334-AE60-4C51DA593833}.Release|Any CPU.ActiveCfg = Release|Any CPU
		{FA34BE17-30FD-4334-AE60-4C51DA593833}.Release|Any CPU.Build.0 = Release|Any CPU
		{FA34BE17-30FD-4334-AE60-4C51DA593833}.Release|x86.ActiveCfg = Release|x86
		{FA34BE17-30FD-4334-AE60-4C51DA593833}.Release|x86.Build.0 = Release|x86
		{E3FD5828-9AFE-4009-BDE2-491AD5119DBF}.Debug|Any CPU.ActiveCfg = Debug|Any CPU
		{E3FD5828-9AFE-4009-BDE2-491AD5119DBF}.Debug|Any CPU.Build.0 = Debug|Any CPU
		{E3FD5828-9AFE-4009-BDE2-491AD5119DBF}.Debug|x86.ActiveCfg = Debug|x86
		{E3FD5828-9AFE-4009-BDE2-491AD5119DBF}.Debug|x86.Build.0 = Debug|x86
		{E3FD5828-9AFE-4009-BDE2-491AD5119DBF}.Release|Any CPU.ActiveCfg = Release|Any CPU
		{E3FD5828-9AFE-4009-BDE2-491AD5119DBF}.Release|Any CPU.Build.0 = Release|Any CPU
		{E3FD5828-9AFE-4009-BDE2-491AD5119DBF}.Release|x86.ActiveCfg = Release|x86
		{E3FD5828-9AFE-4009-BDE2-491AD5119DBF}.Release|x86.Build.0 = Release|x86
		{40269803-01EC-4007-853A-C9F93368E787}.Debug|Any CPU.ActiveCfg = Debug|Any CPU
		{40269803-01EC-4007-853A-C9F93368E787}.Debug|Any CPU.Build.0 = Debug|Any CPU
		{40269803-01EC-4007-853A-C9F93368E787}.Debug|x86.ActiveCfg = Debug|x86
		{40269803-01EC-4007-853A-C9F93368E787}.Debug|x86.Build.0 = Debug|x86
		{40269803-01EC-4007-853A-C9F93368E787}.Release|Any CPU.ActiveCfg = Release|Any CPU
		{40269803-01EC-4007-853A-C9F93368E787}.Release|Any CPU.Build.0 = Release|Any CPU
		{40269803-01EC-4007-853A-C9F93368E787}.Release|x86.ActiveCfg = Release|x86
		{40269803-01EC-4007-853A-C9F93368E787}.Release|x86.Build.0 = Release|x86
		{E3C1E9F8-4191-4755-BEBE-EE3992CAD9FD}.Debug|Any CPU.ActiveCfg = Debug|Any CPU
		{E3C1E9F8-4191-4755-BEBE-EE3992CAD9FD}.Debug|Any CPU.Build.0 = Debug|Any CPU
		{E3C1E9F8-4191-4755-BEBE-EE3992CAD9FD}.Debug|x86.ActiveCfg = Debug|x86
		{E3C1E9F8-4191-4755-BEBE-EE3992CAD9FD}.Debug|x86.Build.0 = Debug|x86
		{E3C1E9F8-4191-4755-BEBE-EE3992CAD9FD}.Release|Any CPU.ActiveCfg = Release|Any CPU
		{E3C1E9F8-4191-4755-BEBE-EE3992CAD9FD}.Release|Any CPU.Build.0 = Release|Any CPU
		{E3C1E9F8-4191-4755-BEBE-EE3992CAD9FD}.Release|x86.ActiveCfg = Release|x86
		{E3C1E9F8-4191-4755-BEBE-EE3992CAD9FD}.Release|x86.Build.0 = Release|x86
		{F6BC6270-3094-45D8-9779-1D9A88ABEFDA}.Debug|Any CPU.ActiveCfg = Debug|Any CPU
		{F6BC6270-3094-45D8-9779-1D9A88ABEFDA}.Debug|Any CPU.Build.0 = Debug|Any CPU
		{F6BC6270-3094-45D8-9779-1D9A88ABEFDA}.Debug|x86.ActiveCfg = Debug|x86
		{F6BC6270-3094-45D8-9779-1D9A88ABEFDA}.Debug|x86.Build.0 = Debug|x86
		{F6BC6270-3094-45D8-9779-1D9A88ABEFDA}.Release|Any CPU.ActiveCfg = Release|Any CPU
		{F6BC6270-3094-45D8-9779-1D9A88ABEFDA}.Release|Any CPU.Build.0 = Release|Any CPU
		{F6BC6270-3094-45D8-9779-1D9A88ABEFDA}.Release|x86.ActiveCfg = Release|x86
		{F6BC6270-3094-45D8-9779-1D9A88ABEFDA}.Release|x86.Build.0 = Release|x86
		{BFD4FC1B-2B17-42B8-BF0E-E9B1F1B9BCE1}.Debug|Any CPU.ActiveCfg = Debug|Any CPU
		{BFD4FC1B-2B17-42B8-BF0E-E9B1F1B9BCE1}.Debug|Any CPU.Build.0 = Debug|Any CPU
		{BFD4FC1B-2B17-42B8-BF0E-E9B1F1B9BCE1}.Debug|x86.ActiveCfg = Debug|x86
		{BFD4FC1B-2B17-42B8-BF0E-E9B1F1B9BCE1}.Debug|x86.Build.0 = Debug|x86
		{BFD4FC1B-2B17-42B8-BF0E-E9B1F1B9BCE1}.Release|Any CPU.ActiveCfg = Release|Any CPU
		{BFD4FC1B-2B17-42B8-BF0E-E9B1F1B9BCE1}.Release|Any CPU.Build.0 = Release|Any CPU
		{BFD4FC1B-2B17-42B8-BF0E-E9B1F1B9BCE1}.Release|x86.ActiveCfg = Release|x86
		{BFD4FC1B-2B17-42B8-BF0E-E9B1F1B9BCE1}.Release|x86.Build.0 = Release|x86
		{A6EEFC39-3E9B-4BFF-BB04-278C6AB5EE00}.Debug|Any CPU.ActiveCfg = Debug|Any CPU
		{A6EEFC39-3E9B-4BFF-BB04-278C6AB5EE00}.Debug|Any CPU.Build.0 = Debug|Any CPU
		{A6EEFC39-3E9B-4BFF-BB04-278C6AB5EE00}.Debug|x86.ActiveCfg = Debug|x86
		{A6EEFC39-3E9B-4BFF-BB04-278C6AB5EE00}.Debug|x86.Build.0 = Debug|x86
		{A6EEFC39-3E9B-4BFF-BB04-278C6AB5EE00}.Release|Any CPU.ActiveCfg = Release|Any CPU
		{A6EEFC39-3E9B-4BFF-BB04-278C6AB5EE00}.Release|Any CPU.Build.0 = Release|Any CPU
		{A6EEFC39-3E9B-4BFF-BB04-278C6AB5EE00}.Release|x86.ActiveCfg = Release|x86
		{A6EEFC39-3E9B-4BFF-BB04-278C6AB5EE00}.Release|x86.Build.0 = Release|x86
		{1C38E4C7-ED24-4C14-93B2-E3687FE980F0}.Debug|Any CPU.ActiveCfg = Debug|Any CPU
		{1C38E4C7-ED24-4C14-93B2-E3687FE980F0}.Debug|Any CPU.Build.0 = Debug|Any CPU
		{1C38E4C7-ED24-4C14-93B2-E3687FE980F0}.Debug|x86.ActiveCfg = Debug|x86
		{1C38E4C7-ED24-4C14-93B2-E3687FE980F0}.Debug|x86.Build.0 = Debug|x86
		{1C38E4C7-ED24-4C14-93B2-E3687FE980F0}.Release|Any CPU.ActiveCfg = Release|Any CPU
		{1C38E4C7-ED24-4C14-93B2-E3687FE980F0}.Release|Any CPU.Build.0 = Release|Any CPU
		{1C38E4C7-ED24-4C14-93B2-E3687FE980F0}.Release|x86.ActiveCfg = Release|x86
		{1C38E4C7-ED24-4C14-93B2-E3687FE980F0}.Release|x86.Build.0 = Release|x86
		{5E29AC60-A028-4672-8F57-16DD30E69402}.Debug|Any CPU.ActiveCfg = Debug|Any CPU
		{5E29AC60-A028-4672-8F57-16DD30E69402}.Debug|Any CPU.Build.0 = Debug|Any CPU
		{5E29AC60-A028-4672-8F57-16DD30E69402}.Debug|x86.ActiveCfg = Debug|x86
		{5E29AC60-A028-4672-8F57-16DD30E69402}.Debug|x86.Build.0 = Debug|x86
		{5E29AC60-A028-4672-8F57-16DD30E69402}.Release|Any CPU.ActiveCfg = Release|Any CPU
		{5E29AC60-A028-4672-8F57-16DD30E69402}.Release|Any CPU.Build.0 = Release|Any CPU
		{5E29AC60-A028-4672-8F57-16DD30E69402}.Release|x86.ActiveCfg = Release|x86
		{5E29AC60-A028-4672-8F57-16DD30E69402}.Release|x86.Build.0 = Release|x86
		{53C5A3F7-7064-42D4-BF64-8E81B08C65A3}.Debug|Any CPU.ActiveCfg = Debug|Any CPU
		{53C5A3F7-7064-42D4-BF64-8E81B08C65A3}.Debug|Any CPU.Build.0 = Debug|Any CPU
		{53C5A3F7-7064-42D4-BF64-8E81B08C65A3}.Debug|x86.ActiveCfg = Debug|x86
		{53C5A3F7-7064-42D4-BF64-8E81B08C65A3}.Debug|x86.Build.0 = Debug|x86
		{53C5A3F7-7064-42D4-BF64-8E81B08C65A3}.Release|Any CPU.ActiveCfg = Release|Any CPU
		{53C5A3F7-7064-42D4-BF64-8E81B08C65A3}.Release|Any CPU.Build.0 = Release|Any CPU
		{53C5A3F7-7064-42D4-BF64-8E81B08C65A3}.Release|x86.ActiveCfg = Release|x86
		{53C5A3F7-7064-42D4-BF64-8E81B08C65A3}.Release|x86.Build.0 = Release|x86
		{8DF9146A-1C07-43BC-BDEC-5245BBA140C7}.Debug|Any CPU.ActiveCfg = Debug|Any CPU
		{8DF9146A-1C07-43BC-BDEC-5245BBA140C7}.Debug|Any CPU.Build.0 = Debug|Any CPU
		{8DF9146A-1C07-43BC-BDEC-5245BBA140C7}.Debug|x86.ActiveCfg = Debug|x86
		{8DF9146A-1C07-43BC-BDEC-5245BBA140C7}.Debug|x86.Build.0 = Debug|x86
		{8DF9146A-1C07-43BC-BDEC-5245BBA140C7}.Release|Any CPU.ActiveCfg = Release|Any CPU
		{8DF9146A-1C07-43BC-BDEC-5245BBA140C7}.Release|Any CPU.Build.0 = Release|Any CPU
		{8DF9146A-1C07-43BC-BDEC-5245BBA140C7}.Release|x86.ActiveCfg = Release|x86
		{8DF9146A-1C07-43BC-BDEC-5245BBA140C7}.Release|x86.Build.0 = Release|x86
		{AD51C1F9-2865-44D6-9FE8-9CE3CCBD4702}.Debug|Any CPU.ActiveCfg = Debug|Any CPU
		{AD51C1F9-2865-44D6-9FE8-9CE3CCBD4702}.Debug|Any CPU.Build.0 = Debug|Any CPU
		{AD51C1F9-2865-44D6-9FE8-9CE3CCBD4702}.Debug|x86.ActiveCfg = Debug|x86
		{AD51C1F9-2865-44D6-9FE8-9CE3CCBD4702}.Debug|x86.Build.0 = Debug|x86
		{AD51C1F9-2865-44D6-9FE8-9CE3CCBD4702}.Release|Any CPU.ActiveCfg = Release|Any CPU
		{AD51C1F9-2865-44D6-9FE8-9CE3CCBD4702}.Release|Any CPU.Build.0 = Release|Any CPU
		{AD51C1F9-2865-44D6-9FE8-9CE3CCBD4702}.Release|x86.ActiveCfg = Release|x86
		{AD51C1F9-2865-44D6-9FE8-9CE3CCBD4702}.Release|x86.Build.0 = Release|x86
		{DEE3CAE4-4D6A-45CC-A5A3-9AD86DDB5F53}.Debug|Any CPU.ActiveCfg = Debug|Any CPU
		{DEE3CAE4-4D6A-45CC-A5A3-9AD86DDB5F53}.Debug|Any CPU.Build.0 = Debug|Any CPU
		{DEE3CAE4-4D6A-45CC-A5A3-9AD86DDB5F53}.Debug|x86.ActiveCfg = Debug|x86
		{DEE3CAE4-4D6A-45CC-A5A3-9AD86DDB5F53}.Debug|x86.Build.0 = Debug|x86
		{DEE3CAE4-4D6A-45CC-A5A3-9AD86DDB5F53}.Release|Any CPU.ActiveCfg = Release|Any CPU
		{DEE3CAE4-4D6A-45CC-A5A3-9AD86DDB5F53}.Release|Any CPU.Build.0 = Release|Any CPU
		{DEE3CAE4-4D6A-45CC-A5A3-9AD86DDB5F53}.Release|x86.ActiveCfg = Release|x86
		{DEE3CAE4-4D6A-45CC-A5A3-9AD86DDB5F53}.Release|x86.Build.0 = Release|x86
		{70877DC6-5F59-45DB-A760-2A45DA5C12A7}.Debug|Any CPU.ActiveCfg = Debug|Any CPU
		{70877DC6-5F59-45DB-A760-2A45DA5C12A7}.Debug|Any CPU.Build.0 = Debug|Any CPU
		{70877DC6-5F59-45DB-A760-2A45DA5C12A7}.Debug|x86.ActiveCfg = Debug|x86
		{70877DC6-5F59-45DB-A760-2A45DA5C12A7}.Debug|x86.Build.0 = Debug|x86
		{70877DC6-5F59-45DB-A760-2A45DA5C12A7}.Release|Any CPU.ActiveCfg = Release|Any CPU
		{70877DC6-5F59-45DB-A760-2A45DA5C12A7}.Release|Any CPU.Build.0 = Release|Any CPU
		{70877DC6-5F59-45DB-A760-2A45DA5C12A7}.Release|x86.ActiveCfg = Release|x86
		{70877DC6-5F59-45DB-A760-2A45DA5C12A7}.Release|x86.Build.0 = Release|x86
		{B364C178-FD0E-4FFF-8BA2-492251DEF487}.Debug|Any CPU.ActiveCfg = Debug|Any CPU
		{B364C178-FD0E-4FFF-8BA2-492251DEF487}.Debug|Any CPU.Build.0 = Debug|Any CPU
		{B364C178-FD0E-4FFF-8BA2-492251DEF487}.Debug|x86.ActiveCfg = Debug|x86
		{B364C178-FD0E-4FFF-8BA2-492251DEF487}.Debug|x86.Build.0 = Debug|x86
		{B364C178-FD0E-4FFF-8BA2-492251DEF487}.Release|Any CPU.ActiveCfg = Release|Any CPU
		{B364C178-FD0E-4FFF-8BA2-492251DEF487}.Release|Any CPU.Build.0 = Release|Any CPU
		{B364C178-FD0E-4FFF-8BA2-492251DEF487}.Release|x86.ActiveCfg = Release|x86
		{B364C178-FD0E-4FFF-8BA2-492251DEF487}.Release|x86.Build.0 = Release|x86
		{0E64E1BC-3DBE-431E-BFD8-221F206EC3CD}.Debug|Any CPU.ActiveCfg = Debug|Any CPU
		{0E64E1BC-3DBE-431E-BFD8-221F206EC3CD}.Debug|Any CPU.Build.0 = Debug|Any CPU
		{0E64E1BC-3DBE-431E-BFD8-221F206EC3CD}.Debug|x86.ActiveCfg = Debug|x86
		{0E64E1BC-3DBE-431E-BFD8-221F206EC3CD}.Debug|x86.Build.0 = Debug|x86
		{0E64E1BC-3DBE-431E-BFD8-221F206EC3CD}.Release|Any CPU.ActiveCfg = Release|Any CPU
		{0E64E1BC-3DBE-431E-BFD8-221F206EC3CD}.Release|Any CPU.Build.0 = Release|Any CPU
		{0E64E1BC-3DBE-431E-BFD8-221F206EC3CD}.Release|x86.ActiveCfg = Release|x86
		{0E64E1BC-3DBE-431E-BFD8-221F206EC3CD}.Release|x86.Build.0 = Release|x86
		{08B181AE-4F72-4131-81C4-A245F62CB782}.Debug|Any CPU.ActiveCfg = Debug|Any CPU
		{08B181AE-4F72-4131-81C4-A245F62CB782}.Debug|Any CPU.Build.0 = Debug|Any CPU
		{08B181AE-4F72-4131-81C4-A245F62CB782}.Debug|x86.ActiveCfg = Debug|x86
		{08B181AE-4F72-4131-81C4-A245F62CB782}.Debug|x86.Build.0 = Debug|x86
		{08B181AE-4F72-4131-81C4-A245F62CB782}.Release|Any CPU.ActiveCfg = Release|Any CPU
		{08B181AE-4F72-4131-81C4-A245F62CB782}.Release|Any CPU.Build.0 = Release|Any CPU
		{08B181AE-4F72-4131-81C4-A245F62CB782}.Release|x86.ActiveCfg = Release|x86
		{08B181AE-4F72-4131-81C4-A245F62CB782}.Release|x86.Build.0 = Release|x86
		{1083C01B-4576-4753-A95A-713ACFC5D9A2}.Debug|Any CPU.ActiveCfg = Debug|Any CPU
		{1083C01B-4576-4753-A95A-713ACFC5D9A2}.Debug|Any CPU.Build.0 = Debug|Any CPU
		{1083C01B-4576-4753-A95A-713ACFC5D9A2}.Debug|x86.ActiveCfg = Debug|x86
		{1083C01B-4576-4753-A95A-713ACFC5D9A2}.Debug|x86.Build.0 = Debug|x86
		{1083C01B-4576-4753-A95A-713ACFC5D9A2}.Release|Any CPU.ActiveCfg = Release|Any CPU
		{1083C01B-4576-4753-A95A-713ACFC5D9A2}.Release|Any CPU.Build.0 = Release|Any CPU
		{1083C01B-4576-4753-A95A-713ACFC5D9A2}.Release|x86.ActiveCfg = Release|x86
		{1083C01B-4576-4753-A95A-713ACFC5D9A2}.Release|x86.Build.0 = Release|x86
	EndGlobalSection
	GlobalSection(SolutionProperties) = preSolution
		HideSolutionNode = FALSE
	EndGlobalSection
	GlobalSection(NestedProjects) = preSolution
		{EE3C6828-BAD1-41BE-9D07-A776EC63D600} = {8059C766-2CAC-4479-8E95-A09D6DC9DD5C}
		{4CB16EA9-9392-46C5-A82C-0FE5E72746B0} = {8059C766-2CAC-4479-8E95-A09D6DC9DD5C}
		{CA89055E-C72D-4652-8BD5-2C0ABDB9DDD2} = {5EE237FD-67E6-4501-A75E-86F593441003}
		{94298CFF-D5AD-40F4-A8C0-D0268A0F8375} = {5EE237FD-67E6-4501-A75E-86F593441003}
		{FA34BE17-30FD-4334-AE60-4C51DA593833} = {463FE56E-6744-42DA-9376-B67A1724398D}
		{E3FD5828-9AFE-4009-BDE2-491AD5119DBF} = {463FE56E-6744-42DA-9376-B67A1724398D}
		{40269803-01EC-4007-853A-C9F93368E787} = {772F32D2-A2A1-4280-BC35-D2E6EAA8D9CA}
		{E3C1E9F8-4191-4755-BEBE-EE3992CAD9FD} = {772F32D2-A2A1-4280-BC35-D2E6EAA8D9CA}
		{F6BC6270-3094-45D8-9779-1D9A88ABEFDA} = {E6F6EE8A-7BDC-48FF-9F6A-47B7F0BAFCC0}
		{BFD4FC1B-2B17-42B8-BF0E-E9B1F1B9BCE1} = {E6F6EE8A-7BDC-48FF-9F6A-47B7F0BAFCC0}
		{A6EEFC39-3E9B-4BFF-BB04-278C6AB5EE00} = {213797C7-5C2C-42DB-AB61-61B7AC386B5C}
		{1C38E4C7-ED24-4C14-93B2-E3687FE980F0} = {213797C7-5C2C-42DB-AB61-61B7AC386B5C}
		{5E29AC60-A028-4672-8F57-16DD30E69402} = {62B679BF-D450-42DE-A79B-1F61C0C06674}
		{53C5A3F7-7064-42D4-BF64-8E81B08C65A3} = {62B679BF-D450-42DE-A79B-1F61C0C06674}
		{8DF9146A-1C07-43BC-BDEC-5245BBA140C7} = {84B97A93-2BDE-4BE8-A882-D19A022C16C2}
		{AD51C1F9-2865-44D6-9FE8-9CE3CCBD4702} = {84B97A93-2BDE-4BE8-A882-D19A022C16C2}
		{DEE3CAE4-4D6A-45CC-A5A3-9AD86DDB5F53} = {3D6DD0B2-6736-4214-B05C-7097047814F9}
		{70877DC6-5F59-45DB-A760-2A45DA5C12A7} = {3D6DD0B2-6736-4214-B05C-7097047814F9}
		{B364C178-FD0E-4FFF-8BA2-492251DEF487} = {D3625CF0-C980-4808-91A4-FD5B1AAA5156}
		{0E64E1BC-3DBE-431E-BFD8-221F206EC3CD} = {D3625CF0-C980-4808-91A4-FD5B1AAA5156}
		{08B181AE-4F72-4131-81C4-A245F62CB782} = {387C02E5-6612-4239-A08E-129AEE1EB6F3}
		{1083C01B-4576-4753-A95A-713ACFC5D9A2} = {387C02E5-6612-4239-A08E-129AEE1EB6F3}
	EndGlobalSection
	GlobalSection(ExtensibilityGlobals) = postSolution
		SolutionGuid = {C23383F5-674D-40F8-9164-132943CBD759}
	EndGlobalSection
EndGlobal
